
Microsoft Visual Studio Solution File, Format Version 12.00
# Visual Studio Version 17
VisualStudioVersion = 17.0.32126.317
MinimumVisualStudioVersion = 10.0.40219.1
Project("{FAE04EC0-301F-11D3-BF4B-00C04F79EFBC}") = "LinqExamples-C35", "LinqExamples-C35\LinqExamples-C35.csproj", "{539DA4CD-A0BD-4B24-A7CB-3646F6CEA971}"
EndProject
Global
	GlobalSection(SolutionConfigurationPlatforms) = preSolution
		Debug|Any CPU = Debug|Any CPU
		Release|Any CPU = Release|Any CPU
	EndGlobalSection
	GlobalSection(ProjectConfigurationPlatforms) = postSolution
		{539DA4CD-A0BD-4B24-A7CB-3646F6CEA971}.Debug|Any CPU.ActiveCfg = Debug|Any CPU
		{539DA4CD-A0BD-4B24-A7CB-3646F6CEA971}.Debug|Any CPU.Build.0 = Debug|Any CPU
		{539DA4CD-A0BD-4B24-A7CB-3646F6CEA971}.Release|Any CPU.ActiveCfg = Release|Any CPU
		{539DA4CD-A0BD-4B24-A7CB-3646F6CEA971}.Release|Any CPU.Build.0 = Release|Any CPU
	EndGlobalSection
	GlobalSection(SolutionProperties) = preSolution
		HideSolutionNode = FALSE
	EndGlobalSection
	GlobalSection(ExtensibilityGlobals) = postSolution
		SolutionGuid = {FBD25702-BFA3-4390-81D8-E7A25B1CAE99}
	EndGlobalSection
EndGlobal
